// !$*UTF8*$!
{
	archiveVersion = 1;
	classes = {
	};
	objectVersion = 50;
	objects = {

/* Begin PBXBuildFile section */
		5FDFCBBE1068B577C00B1B22 /* Pods_Todoey.framework in Frameworks */ = {isa = PBXBuildFile; fileRef = 57C5721DADDE973E1E7F002D /* Pods_Todoey.framework */; };
		811A84FD22174F1B000893A0 /* DataModel.xcdatamodeld in Sources */ = {isa = PBXBuildFile; fileRef = 811A84FB22174F1B000893A0 /* DataModel.xcdatamodeld */; };
		8154C41F22134A81007C519D /* AppDelegate.swift in Sources */ = {isa = PBXBuildFile; fileRef = 8154C41E22134A81007C519D /* AppDelegate.swift */; };
		8154C42122134A81007C519D /* TodoListViewController.swift in Sources */ = {isa = PBXBuildFile; fileRef = 8154C42022134A81007C519D /* TodoListViewController.swift */; };
		8154C42422134A81007C519D /* Main.storyboard in Resources */ = {isa = PBXBuildFile; fileRef = 8154C42222134A81007C519D /* Main.storyboard */; };
		8154C42622134A83007C519D /* Assets.xcassets in Resources */ = {isa = PBXBuildFile; fileRef = 8154C42522134A83007C519D /* Assets.xcassets */; };
		8154C42922134A83007C519D /* LaunchScreen.storyboard in Resources */ = {isa = PBXBuildFile; fileRef = 8154C42722134A83007C519D /* LaunchScreen.storyboard */; };
		81AAB96622184503007B39DA /* CategoryViewController.swift in Sources */ = {isa = PBXBuildFile; fileRef = 81AAB96522184503007B39DA /* CategoryViewController.swift */; };
		81E27AA6221983C400A91BEC /* Data.swift in Sources */ = {isa = PBXBuildFile; fileRef = 81E27AA5221983C400A91BEC /* Data.swift */; };
/* End PBXBuildFile section */

/* Begin PBXFileReference section */
		57C5721DADDE973E1E7F002D /* Pods_Todoey.framework */ = {isa = PBXFileReference; explicitFileType = wrapper.framework; includeInIndex = 0; path = Pods_Todoey.framework; sourceTree = BUILT_PRODUCTS_DIR; };
		811A84FC22174F1B000893A0 /* DataModel.xcdatamodel */ = {isa = PBXFileReference; lastKnownFileType = wrapper.xcdatamodel; path = DataModel.xcdatamodel; sourceTree = "<group>"; };
		8154C41B22134A81007C519D /* Todoey.app */ = {isa = PBXFileReference; explicitFileType = wrapper.application; includeInIndex = 0; path = Todoey.app; sourceTree = BUILT_PRODUCTS_DIR; };
		8154C41E22134A81007C519D /* AppDelegate.swift */ = {isa = PBXFileReference; lastKnownFileType = sourcecode.swift; path = AppDelegate.swift; sourceTree = "<group>"; };
		8154C42022134A81007C519D /* TodoListViewController.swift */ = {isa = PBXFileReference; lastKnownFileType = sourcecode.swift; path = TodoListViewController.swift; sourceTree = "<group>"; };
		8154C42322134A81007C519D /* Base */ = {isa = PBXFileReference; lastKnownFileType = file.storyboard; name = Base; path = Base.lproj/Main.storyboard; sourceTree = "<group>"; };
		8154C42522134A83007C519D /* Assets.xcassets */ = {isa = PBXFileReference; lastKnownFileType = folder.assetcatalog; path = Assets.xcassets; sourceTree = "<group>"; };
		8154C42822134A83007C519D /* Base */ = {isa = PBXFileReference; lastKnownFileType = file.storyboard; name = Base; path = Base.lproj/LaunchScreen.storyboard; sourceTree = "<group>"; };
		8154C42A22134A83007C519D /* Info.plist */ = {isa = PBXFileReference; lastKnownFileType = text.plist.xml; path = Info.plist; sourceTree = "<group>"; };
		81AAB96522184503007B39DA /* CategoryViewController.swift */ = {isa = PBXFileReference; lastKnownFileType = sourcecode.swift; path = CategoryViewController.swift; sourceTree = "<group>"; };
		81E27AA5221983C400A91BEC /* Data.swift */ = {isa = PBXFileReference; lastKnownFileType = sourcecode.swift; path = Data.swift; sourceTree = "<group>"; };
		F00A611B9757C31BE57FCF8D /* Pods-Todoey.debug.xcconfig */ = {isa = PBXFileReference; includeInIndex = 1; lastKnownFileType = text.xcconfig; name = "Pods-Todoey.debug.xcconfig"; path = "Pods/Target Support Files/Pods-Todoey/Pods-Todoey.debug.xcconfig"; sourceTree = "<group>"; };
		F21C2A4B9D4A93F6D644F614 /* Pods-Todoey.release.xcconfig */ = {isa = PBXFileReference; includeInIndex = 1; lastKnownFileType = text.xcconfig; name = "Pods-Todoey.release.xcconfig"; path = "Pods/Target Support Files/Pods-Todoey/Pods-Todoey.release.xcconfig"; sourceTree = "<group>"; };
/* End PBXFileReference section */

/* Begin PBXFrameworksBuildPhase section */
		8154C41822134A80007C519D /* Frameworks */ = {
			isa = PBXFrameworksBuildPhase;
			buildActionMask = 2147483647;
			files = (
				5FDFCBBE1068B577C00B1B22 /* Pods_Todoey.framework in Frameworks */,
			);
			runOnlyForDeploymentPostprocessing = 0;
		};
/* End PBXFrameworksBuildPhase section */

/* Begin PBXGroup section */
		13E15AA4CFBD5716A82187F4 /* Pods */ = {
			isa = PBXGroup;
			children = (
				F00A611B9757C31BE57FCF8D /* Pods-Todoey.debug.xcconfig */,
				F21C2A4B9D4A93F6D644F614 /* Pods-Todoey.release.xcconfig */,
			);
			name = Pods;
			sourceTree = "<group>";
		};
		6FFDB69702D6BEEA57895773 /* Frameworks */ = {
			isa = PBXGroup;
			children = (
				57C5721DADDE973E1E7F002D /* Pods_Todoey.framework */,
			);
			name = Frameworks;
			sourceTree = "<group>";
		};
		8154C41222134A80007C519D = {
			isa = PBXGroup;
			children = (
				8154C41D22134A81007C519D /* Todoey */,
				8154C41C22134A81007C519D /* Products */,
				13E15AA4CFBD5716A82187F4 /* Pods */,
				6FFDB69702D6BEEA57895773 /* Frameworks */,
			);
			sourceTree = "<group>";
		};
		8154C41C22134A81007C519D /* Products */ = {
			isa = PBXGroup;
			children = (
				8154C41B22134A81007C519D /* Todoey.app */,
			);
			name = Products;
			sourceTree = "<group>";
		};
		8154C41D22134A81007C519D /* Todoey */ = {
			isa = PBXGroup;
			children = (
				8162608522149D7200467938 /* View */,
				8162608022149B1F00467938 /* Models */,
				8154C41E22134A81007C519D /* AppDelegate.swift */,
				8162608322149CD200467938 /* Controllers */,
				8162608622149DDB00467938 /* Supporting Files */,
				8154C42A22134A83007C519D /* Info.plist */,
			);
			path = Todoey;
			sourceTree = "<group>";
		};
		8162608022149B1F00467938 /* Models */ = {
			isa = PBXGroup;
			children = (
				81E27AA5221983C400A91BEC /* Data.swift */,
				811A84FB22174F1B000893A0 /* DataModel.xcdatamodeld */,
			);
			path = Models;
			sourceTree = "<group>";
		};
		8162608322149CD200467938 /* Controllers */ = {
			isa = PBXGroup;
			children = (
				81AAB96522184503007B39DA /* CategoryViewController.swift */,
				8154C42022134A81007C519D /* TodoListViewController.swift */,
			);
			path = Controllers;
			sourceTree = "<group>";
		};
		8162608522149D7200467938 /* View */ = {
			isa = PBXGroup;
			children = (
				8154C42222134A81007C519D /* Main.storyboard */,
			);
			path = View;
			sourceTree = "<group>";
		};
		8162608622149DDB00467938 /* Supporting Files */ = {
			isa = PBXGroup;
			children = (
				8154C42522134A83007C519D /* Assets.xcassets */,
				8154C42722134A83007C519D /* LaunchScreen.storyboard */,
			);
			path = "Supporting Files";
			sourceTree = "<group>";
		};
/* End PBXGroup section */

/* Begin PBXNativeTarget section */
		8154C41A22134A80007C519D /* Todoey */ = {
			isa = PBXNativeTarget;
			buildConfigurationList = 8154C42D22134A83007C519D /* Build configuration list for PBXNativeTarget "Todoey" */;
			buildPhases = (
				5EA18F8A07FBAA3064386679 /* [CP] Check Pods Manifest.lock */,
				8154C41722134A80007C519D /* Sources */,
				8154C41822134A80007C519D /* Frameworks */,
				8154C41922134A80007C519D /* Resources */,
				AA79996B08719A6D5F14D28B /* [CP] Embed Pods Frameworks */,
			);
			buildRules = (
			);
			dependencies = (
			);
			name = Todoey;
			productName = Todoey;
			productReference = 8154C41B22134A81007C519D /* Todoey.app */;
			productType = "com.apple.product-type.application";
		};
/* End PBXNativeTarget section */

/* Begin PBXProject section */
		8154C41322134A80007C519D /* Project object */ = {
			isa = PBXProject;
			attributes = {
				LastSwiftUpdateCheck = 1010;
				LastUpgradeCheck = 1010;
				ORGANIZATIONNAME = "Pranav Sharma";
				TargetAttributes = {
					8154C41A22134A80007C519D = {
						CreatedOnToolsVersion = 10.1;
					};
				};
			};
			buildConfigurationList = 8154C41622134A80007C519D /* Build configuration list for PBXProject "Todoey" */;
			compatibilityVersion = "Xcode 9.3";
			developmentRegion = en;
			hasScannedForEncodings = 0;
			knownRegions = (
				en,
				Base,
			);
			mainGroup = 8154C41222134A80007C519D;
			productRefGroup = 8154C41C22134A81007C519D /* Products */;
			projectDirPath = "";
			projectRoot = "";
			targets = (
				8154C41A22134A80007C519D /* Todoey */,
			);
		};
/* End PBXProject section */

/* Begin PBXResourcesBuildPhase section */
		8154C41922134A80007C519D /* Resources */ = {
			isa = PBXResourcesBuildPhase;
			buildActionMask = 2147483647;
			files = (
				8154C42922134A83007C519D /* LaunchScreen.storyboard in Resources */,
				8154C42622134A83007C519D /* Assets.xcassets in Resources */,
				8154C42422134A81007C519D /* Main.storyboard in Resources */,
			);
			runOnlyForDeploymentPostprocessing = 0;
		};
/* End PBXResourcesBuildPhase section */

/* Begin PBXShellScriptBuildPhase section */
		5EA18F8A07FBAA3064386679 /* [CP] Check Pods Manifest.lock */ = {
			isa = PBXShellScriptBuildPhase;
			buildActionMask = 2147483647;
			files = (
			);
			inputFileListPaths = (
			);
			inputPaths = (
				"${PODS_PODFILE_DIR_PATH}/Podfile.lock",
				"${PODS_ROOT}/Manifest.lock",
			);
			name = "[CP] Check Pods Manifest.lock";
			outputFileListPaths = (
			);
			outputPaths = (
				"$(DERIVED_FILE_DIR)/Pods-Todoey-checkManifestLockResult.txt",
			);
			runOnlyForDeploymentPostprocessing = 0;
			shellPath = /bin/sh;
			shellScript = "diff \"${PODS_PODFILE_DIR_PATH}/Podfile.lock\" \"${PODS_ROOT}/Manifest.lock\" > /dev/null\nif [ $? != 0 ] ; then\n    # print error to STDERR\n    echo \"error: The sandbox is not in sync with the Podfile.lock. Run 'pod install' or update your CocoaPods installation.\" >&2\n    exit 1\nfi\n# This output is used by Xcode 'outputs' to avoid re-running this script phase.\necho \"SUCCESS\" > \"${SCRIPT_OUTPUT_FILE_0}\"\n";
			showEnvVarsInLog = 0;
		};
		AA79996B08719A6D5F14D28B /* [CP] Embed Pods Frameworks */ = {
			isa = PBXShellScriptBuildPhase;
			buildActionMask = 2147483647;
			files = (
			);
			inputFileListPaths = (
			);
			inputPaths = (
				"${SRCROOT}/Pods/Target Support Files/Pods-Todoey/Pods-Todoey-frameworks.sh",
				"${BUILT_PRODUCTS_DIR}/Realm/Realm.framework",
				"${BUILT_PRODUCTS_DIR}/RealmSwift/RealmSwift.framework",
			);
			name = "[CP] Embed Pods Frameworks";
			outputFileListPaths = (
			);
			outputPaths = (
				"${TARGET_BUILD_DIR}/${FRAMEWORKS_FOLDER_PATH}/Realm.framework",
				"${TARGET_BUILD_DIR}/${FRAMEWORKS_FOLDER_PATH}/RealmSwift.framework",
			);
			runOnlyForDeploymentPostprocessing = 0;
			shellPath = /bin/sh;
			shellScript = "\"${SRCROOT}/Pods/Target Support Files/Pods-Todoey/Pods-Todoey-frameworks.sh\"\n";
			showEnvVarsInLog = 0;
		};
/* End PBXShellScriptBuildPhase section */

/* Begin PBXSourcesBuildPhase section */
		8154C41722134A80007C519D /* Sources */ = {
			isa = PBXSourcesBuildPhase;
			buildActionMask = 2147483647;
			files = (
				81AAB96622184503007B39DA /* CategoryViewController.swift in Sources */,
				81E27AA6221983C400A91BEC /* Data.swift in Sources */,
				8154C42122134A81007C519D /* TodoListViewController.swift in Sources */,
				811A84FD22174F1B000893A0 /* DataModel.xcdatamodeld in Sources */,
				8154C41F22134A81007C519D /* AppDelegate.swift in Sources */,
			);
			runOnlyForDeploymentPostprocessing = 0;
		};
/* End PBXSourcesBuildPhase section */

/* Begin PBXVariantGroup section */
		8154C42222134A81007C519D /* Main.storyboard */ = {
			isa = PBXVariantGroup;
			children = (
				8154C42322134A81007C519D /* Base */,
			);
			name = Main.storyboard;
			sourceTree = "<group>";
		};
		8154C42722134A83007C519D /* LaunchScreen.storyboard */ = {
			isa = PBXVariantGroup;
			children = (
				8154C42822134A83007C519D /* Base */,
			);
			name = LaunchScreen.storyboard;
			sourceTree = "<group>";
		};
/* End PBXVariantGroup section */

/* Begin XCBuildConfiguration section */
		8154C42B22134A83007C519D /* Debug */ = {
			isa = XCBuildConfiguration;
			buildSettings = {
				ALWAYS_SEARCH_USER_PATHS = NO;
				CLANG_ANALYZER_NONNULL = YES;
				CLANG_ANALYZER_NUMBER_OBJECT_CONVERSION = YES_AGGRESSIVE;
				CLANG_CXX_LANGUAGE_STANDARD = "gnu++14";
				CLANG_CXX_LIBRARY = "libc++";
				CLANG_ENABLE_MODULES = YES;
				CLANG_ENABLE_OBJC_ARC = YES;
				CLANG_ENABLE_OBJC_WEAK = YES;
				CLANG_WARN_BLOCK_CAPTURE_AUTORELEASING = YES;
				CLANG_WARN_BOOL_CONVERSION = YES;
				CLANG_WARN_COMMA = YES;
				CLANG_WARN_CONSTANT_CONVERSION = YES;
				CLANG_WARN_DEPRECATED_OBJC_IMPLEMENTATIONS = YES;
				CLANG_WARN_DIRECT_OBJC_ISA_USAGE = YES_ERROR;
				CLANG_WARN_DOCUMENTATION_COMMENTS = YES;
				CLANG_WARN_EMPTY_BODY = YES;
				CLANG_WARN_ENUM_CONVERSION = YES;
				CLANG_WARN_INFINITE_RECURSION = YES;
				CLANG_WARN_INT_CONVERSION = YES;
				CLANG_WARN_NON_LITERAL_NULL_CONVERSION = YES;
				CLANG_WARN_OBJC_IMPLICIT_RETAIN_SELF = YES;
				CLANG_WARN_OBJC_LITERAL_CONVERSION = YES;
				CLANG_WARN_OBJC_ROOT_CLASS = YES_ERROR;
				CLANG_WARN_RANGE_LOOP_ANALYSIS = YES;
				CLANG_WARN_STRICT_PROTOTYPES = YES;
				CLANG_WARN_SUSPICIOUS_MOVE = YES;
				CLANG_WARN_UNGUARDED_AVAILABILITY = YES_AGGRESSIVE;
				CLANG_WARN_UNREACHABLE_CODE = YES;
				CLANG_WARN__DUPLICATE_METHOD_MATCH = YES;
				CODE_SIGN_IDENTITY = "iPhone Developer";
				COPY_PHASE_STRIP = NO;
				DEBUG_INFORMATION_FORMAT = dwarf;
				ENABLE_STRICT_OBJC_MSGSEND = YES;
				ENABLE_TESTABILITY = YES;
				GCC_C_LANGUAGE_STANDARD = gnu11;
				GCC_DYNAMIC_NO_PIC = NO;
				GCC_NO_COMMON_BLOCKS = YES;
				GCC_OPTIMIZATION_LEVEL = 0;
				GCC_PREPROCESSOR_DEFINITIONS = (
					"DEBUG=1",
					"$(inherited)",
				);
				GCC_WARN_64_TO_32_BIT_CONVERSION = YES;
				GCC_WARN_ABOUT_RETURN_TYPE = YES_ERROR;
				GCC_WARN_UNDECLARED_SELECTOR = YES;
				GCC_WARN_UNINITIALIZED_AUTOS = YES_AGGRESSIVE;
				GCC_WARN_UNUSED_FUNCTION = YES;
				GCC_WARN_UNUSED_VARIABLE = YES;
				IPHONEOS_DEPLOYMENT_TARGET = 12.1;
				MTL_ENABLE_DEBUG_INFO = INCLUDE_SOURCE;
				MTL_FAST_MATH = YES;
				ONLY_ACTIVE_ARCH = YES;
				SDKROOT = iphoneos;
				SWIFT_ACTIVE_COMPILATION_CONDITIONS = DEBUG;
				SWIFT_OPTIMIZATION_LEVEL = "-Onone";
			};
			name = Debug;
		};
		8154C42C22134A83007C519D /* Release */ = {
			isa = XCBuildConfiguration;
			buildSettings = {
				ALWAYS_SEARCH_USER_PATHS = NO;
				CLANG_ANALYZER_NONNULL = YES;
				CLANG_ANALYZER_NUMBER_OBJECT_CONVERSION = YES_AGGRESSIVE;
				CLANG_CXX_LANGUAGE_STANDARD = "gnu++14";
				CLANG_CXX_LIBRARY = "libc++";
				CLANG_ENABLE_MODULES = YES;
				CLANG_ENABLE_OBJC_ARC = YES;
				CLANG_ENABLE_OBJC_WEAK = YES;
				CLANG_WARN_BLOCK_CAPTURE_AUTORELEASING = YES;
				CLANG_WARN_BOOL_CONVERSION = YES;
				CLANG_WARN_COMMA = YES;
				CLANG_WARN_CONSTANT_CONVERSION = YES;
				CLANG_WARN_DEPRECATED_OBJC_IMPLEMENTATIONS = YES;
				CLANG_WARN_DIRECT_OBJC_ISA_USAGE = YES_ERROR;
				CLANG_WARN_DOCUMENTATION_COMMENTS = YES;
				CLANG_WARN_EMPTY_BODY = YES;
				CLANG_WARN_ENUM_CONVERSION = YES;
				CLANG_WARN_INFINITE_RECURSION = YES;
				CLANG_WARN_INT_CONVERSION = YES;
				CLANG_WARN_NON_LITERAL_NULL_CONVERSION = YES;
				CLANG_WARN_OBJC_IMPLICIT_RETAIN_SELF = YES;
				CLANG_WARN_OBJC_LITERAL_CONVERSION = YES;
				CLANG_WARN_OBJC_ROOT_CLASS = YES_ERROR;
				CLANG_WARN_RANGE_LOOP_ANALYSIS = YES;
				CLANG_WARN_STRICT_PROTOTYPES = YES;
				CLANG_WARN_SUSPICIOUS_MOVE = YES;
				CLANG_WARN_UNGUARDED_AVAILABILITY = YES_AGGRESSIVE;
				CLANG_WARN_UNREACHABLE_CODE = YES;
				CLANG_WARN__DUPLICATE_METHOD_MATCH = YES;
				CODE_SIGN_IDENTITY = "iPhone Developer";
				COPY_PHASE_STRIP = NO;
				DEBUG_INFORMATION_FORMAT = "dwarf-with-dsym";
				ENABLE_NS_ASSERTIONS = NO;
				ENABLE_STRICT_OBJC_MSGSEND = YES;
				GCC_C_LANGUAGE_STANDARD = gnu11;
				GCC_NO_COMMON_BLOCKS = YES;
				GCC_WARN_64_TO_32_BIT_CONVERSION = YES;
				GCC_WARN_ABOUT_RETURN_TYPE = YES_ERROR;
				GCC_WARN_UNDECLARED_SELECTOR = YES;
				GCC_WARN_UNINITIALIZED_AUTOS = YES_AGGRESSIVE;
				GCC_WARN_UNUSED_FUNCTION = YES;
				GCC_WARN_UNUSED_VARIABLE = YES;
				IPHONEOS_DEPLOYMENT_TARGET = 12.1;
				MTL_ENABLE_DEBUG_INFO = NO;
				MTL_FAST_MATH = YES;
				SDKROOT = iphoneos;
				SWIFT_COMPILATION_MODE = wholemodule;
				SWIFT_OPTIMIZATION_LEVEL = "-O";
				VALIDATE_PRODUCT = YES;
			};
			name = Release;
		};
		8154C42E22134A83007C519D /* Debug */ = {
			isa = XCBuildConfiguration;
			baseConfigurationReference = F00A611B9757C31BE57FCF8D /* Pods-Todoey.debug.xcconfig */;
			buildSettings = {
				ASSETCATALOG_COMPILER_APPICON_NAME = AppIcon;
				CODE_SIGN_STYLE = Automatic;
				DEVELOPMENT_TEAM = A2YMBZB66M;
				INFOPLIST_FILE = Todoey/Info.plist;
				LD_RUNPATH_SEARCH_PATHS = (
					"$(inherited)",
					"@executable_path/Frameworks",
				);
				PRODUCT_BUNDLE_IDENTIFIER = com.psx.Todoey;
				PRODUCT_NAME = "$(TARGET_NAME)";
				SWIFT_VERSION = 4.2;
				TARGETED_DEVICE_FAMILY = "1,2";
			};
			name = Debug;
		};
		8154C42F22134A83007C519D /* Release */ = {
			isa = XCBuildConfiguration;
			baseConfigurationReference = F21C2A4B9D4A93F6D644F614 /* Pods-Todoey.release.xcconfig */;
			buildSettings = {
				ASSETCATALOG_COMPILER_APPICON_NAME = AppIcon;
				CODE_SIGN_STYLE = Automatic;
				DEVELOPMENT_TEAM = A2YMBZB66M;
				INFOPLIST_FILE = Todoey/Info.plist;
				LD_RUNPATH_SEARCH_PATHS = (
					"$(inherited)",
					"@executable_path/Frameworks",
				);
				PRODUCT_BUNDLE_IDENTIFIER = com.psx.Todoey;
				PRODUCT_NAME = "$(TARGET_NAME)";
				SWIFT_VERSION = 4.2;
				TARGETED_DEVICE_FAMILY = "1,2";
			};
			name = Release;
		};
/* End XCBuildConfiguration section */

/* Begin XCConfigurationList section */
		8154C41622134A80007C519D /* Build configuration list for PBXProject "Todoey" */ = {
			isa = XCConfigurationList;
			buildConfigurations = (
				8154C42B22134A83007C519D /* Debug */,
				8154C42C22134A83007C519D /* Release */,
			);
			defaultConfigurationIsVisible = 0;
			defaultConfigurationName = Release;
		};
		8154C42D22134A83007C519D /* Build configuration list for PBXNativeTarget "Todoey" */ = {
			isa = XCConfigurationList;
			buildConfigurations = (
				8154C42E22134A83007C519D /* Debug */,
				8154C42F22134A83007C519D /* Release */,
			);
			defaultConfigurationIsVisible = 0;
			defaultConfigurationName = Release;
		};
/* End XCConfigurationList section */

/* Begin XCVersionGroup section */
		811A84FB22174F1B000893A0 /* DataModel.xcdatamodeld */ = {
			isa = XCVersionGroup;
			children = (
				811A84FC22174F1B000893A0 /* DataModel.xcdatamodel */,
			);
			currentVersion = 811A84FC22174F1B000893A0 /* DataModel.xcdatamodel */;
			path = DataModel.xcdatamodeld;
			sourceTree = "<group>";
			versionGroupType = wrapper.xcdatamodel;
		};
/* End XCVersionGroup section */
	};
	rootObject = 8154C41322134A80007C519D /* Project object */;
}
